
Microsoft Visual Studio Solution File, Format Version 12.00
# Visual Studio Version 16
VisualStudioVersion = 16.0.810.22
MinimumVisualStudioVersion = 10.0.40219.1
Project("{FAE04EC0-301F-11D3-BF4B-00C04F79EFBC}") = "wether", "wether\wether.csproj", "{89F2A65C-D921-4519-BF3A-1F43F5D9EDC8}"
EndProject
Global
	GlobalSection(SolutionConfigurationPlatforms) = preSolution
		Debug|Any CPU = Debug|Any CPU
		Release|Any CPU = Release|Any CPU
	EndGlobalSection
	GlobalSection(ProjectConfigurationPlatforms) = postSolution
		{89F2A65C-D921-4519-BF3A-1F43F5D9EDC8}.Debug|Any CPU.ActiveCfg = Debug|Any CPU
		{89F2A65C-D921-4519-BF3A-1F43F5D9EDC8}.Debug|Any CPU.Build.0 = Debug|Any CPU
		{89F2A65C-D921-4519-BF3A-1F43F5D9EDC8}.Release|Any CPU.ActiveCfg = Release|Any CPU
		{89F2A65C-D921-4519-BF3A-1F43F5D9EDC8}.Release|Any CPU.Build.0 = Release|Any CPU
	EndGlobalSection
	GlobalSection(SolutionProperties) = preSolution
		HideSolutionNode = FALSE
	EndGlobalSection
	GlobalSection(ExtensibilityGlobals) = postSolution
		SolutionGuid = {F8891AEB-E844-4A41-819E-7499E8A81AC5}
	EndGlobalSection
EndGlobal
